
Microsoft Visual Studio Solution File, Format Version 12.00
# Visual Studio Version 17
VisualStudioVersion = 17.14.36121.58 d17.14
MinimumVisualStudioVersion = 10.0.40219.1
Project("{FAE04EC0-301F-11D3-BF4B-00C04F79EFBC}") = "RenderModeInheritance", "RenderModeInheritance\RenderModeInheritance.csproj", "{0E787E57-E28F-4454-AD18-50AB40C5C845}"
EndProject
Global
	GlobalSection(SolutionConfigurationPlatforms) = preSolution
		Debug|Any CPU = Debug|Any CPU
		Release|Any CPU = Release|Any CPU
	EndGlobalSection
	GlobalSection(ProjectConfigurationPlatforms) = postSolution
		{0E787E57-E28F-4454-AD18-50AB40C5C845}.Debug|Any CPU.ActiveCfg = Debug|Any CPU
		{0E787E57-E28F-4454-AD18-50AB40C5C845}.Debug|Any CPU.Build.0 = Debug|Any CPU
		{0E787E57-E28F-4454-AD18-50AB40C5C845}.Release|Any CPU.ActiveCfg = Release|Any CPU
		{0E787E57-E28F-4454-AD18-50AB40C5C845}.Release|Any CPU.Build.0 = Release|Any CPU
	EndGlobalSection
	GlobalSection(SolutionProperties) = preSolution
		HideSolutionNode = FALSE
	EndGlobalSection
	GlobalSection(ExtensibilityGlobals) = postSolution
		SolutionGuid = {14F5A3D1-728A-423C-B6D9-384CCD34422A}
	EndGlobalSection
EndGlobal
