
Microsoft Visual Studio Solution File, Format Version 12.00
# Visual Studio Version 17
VisualStudioVersion = 17.14.36121.58 d17.14
MinimumVisualStudioVersion = 10.0.40219.1
Project("{FAE04EC0-301F-11D3-BF4B-00C04F79EFBC}") = "VirtualizationApp", "VirtualizationApp\VirtualizationApp.csproj", "{7EB88D08-C4D4-4015-B4AE-87D3BE92A3C2}"
EndProject
Global
	GlobalSection(SolutionConfigurationPlatforms) = preSolution
		Debug|Any CPU = Debug|Any CPU
		Release|Any CPU = Release|Any CPU
	EndGlobalSection
	GlobalSection(ProjectConfigurationPlatforms) = postSolution
		{7EB88D08-C4D4-4015-B4AE-87D3BE92A3C2}.Debug|Any CPU.ActiveCfg = Debug|Any CPU
		{7EB88D08-C4D4-4015-B4AE-87D3BE92A3C2}.Debug|Any CPU.Build.0 = Debug|Any CPU
		{7EB88D08-C4D4-4015-B4AE-87D3BE92A3C2}.Release|Any CPU.ActiveCfg = Release|Any CPU
		{7EB88D08-C4D4-4015-B4AE-87D3BE92A3C2}.Release|Any CPU.Build.0 = Release|Any CPU
	EndGlobalSection
	GlobalSection(SolutionProperties) = preSolution
		HideSolutionNode = FALSE
	EndGlobalSection
	GlobalSection(ExtensibilityGlobals) = postSolution
		SolutionGuid = {B0BB74AF-150E-483D-A4C5-2CDE4386CBAC}
	EndGlobalSection
EndGlobal
